
Microsoft Visual Studio Solution File, Format Version 12.00
# Visual Studio 2013
VisualStudioVersion = 12.0.21005.1
MinimumVisualStudioVersion = 10.0.40219.1
Project("{8BC9CEB8-8B4A-11D0-8D11-00A0C91BC942}") = "SDLEngine", "SDLEngine\SDLEngine.vcxproj", "{AC4C0EBC-1E84-4702-984E-3A125D019BC1}"
EndProject
Project("{8BC9CEB8-8B4A-11D0-8D11-00A0C91BC942}") = "TestEnvironment", "TestEnvironment\TestEnvironment.vcxproj", "{F67B16CC-0949-48E9-B3F0-756623079D3F}"
EndProject
Global
	GlobalSection(SolutionConfigurationPlatforms) = preSolution
		Debug|Win32 = Debug|Win32
		Release|Win32 = Release|Win32
	EndGlobalSection
	GlobalSection(ProjectConfigurationPlatforms) = postSolution
		{AC4C0EBC-1E84-4702-984E-3A125D019BC1}.Debug|Win32.ActiveCfg = Debug|Win32
		{AC4C0EBC-1E84-4702-984E-3A125D019BC1}.Debug|Win32.Build.0 = Debug|Win32
		{AC4C0EBC-1E84-4702-984E-3A125D019BC1}.Release|Win32.ActiveCfg = Release|Win32
		{AC4C0EBC-1E84-4702-984E-3A125D019BC1}.Release|Win32.Build.0 = Release|Win32
		{F67B16CC-0949-48E9-B3F0-756623079D3F}.Debug|Win32.ActiveCfg = Debug|Win32
		{F67B16CC-0949-48E9-B3F0-756623079D3F}.Debug|Win32.Build.0 = Debug|Win32
		{F67B16CC-0949-48E9-B3F0-756623079D3F}.Release|Win32.ActiveCfg = Release|Win32
		{F67B16CC-0949-48E9-B3F0-756623079D3F}.Release|Win32.Build.0 = Release|Win32
	EndGlobalSection
	GlobalSection(SolutionProperties) = preSolution
		HideSolutionNode = FALSE
	EndGlobalSection
EndGlobal
