
Microsoft Visual Studio Solution File, Format Version 11.00
# Visual Studio 2010
Project("{8BC9CEB8-8B4A-11D0-8D11-00A0C91BC942}") = "SDL1st", "SDL1st\SDL1st.vcxproj", "{C2F1E923-1D4A-4060-8D6D-73DDB78186F9}"
EndProject
Project("{8BC9CEB8-8B4A-11D0-8D11-00A0C91BC942}") = "SDLEngine", "SDLEngine\SDLEngine.vcxproj", "{AC4C0EBC-1E84-4702-984E-3A125D019BC1}"
EndProject
Project("{8BC9CEB8-8B4A-11D0-8D11-00A0C91BC942}") = "TestEnvironment", "TestEnvironment\TestEnvironment.vcxproj", "{F67B16CC-0949-48E9-B3F0-756623079D3F}"
EndProject
Project("{8BC9CEB8-8B4A-11D0-8D11-00A0C91BC942}") = "sdl-zelda-tp2", "..\..\..\sdl-zelda-tp2\sdl-zelda-tp2.vcxproj", "{9BA588CA-5A29-4AB2-92E0-94655BC29171}"
EndProject
Global
	GlobalSection(SolutionConfigurationPlatforms) = preSolution
		Debug|Win32 = Debug|Win32
		Release|Win32 = Release|Win32
	EndGlobalSection
	GlobalSection(ProjectConfigurationPlatforms) = postSolution
		{C2F1E923-1D4A-4060-8D6D-73DDB78186F9}.Debug|Win32.ActiveCfg = Debug|Win32
		{C2F1E923-1D4A-4060-8D6D-73DDB78186F9}.Debug|Win32.Build.0 = Debug|Win32
		{C2F1E923-1D4A-4060-8D6D-73DDB78186F9}.Release|Win32.ActiveCfg = Release|Win32
		{C2F1E923-1D4A-4060-8D6D-73DDB78186F9}.Release|Win32.Build.0 = Release|Win32
		{AC4C0EBC-1E84-4702-984E-3A125D019BC1}.Debug|Win32.ActiveCfg = Debug|Win32
		{AC4C0EBC-1E84-4702-984E-3A125D019BC1}.Debug|Win32.Build.0 = Debug|Win32
		{AC4C0EBC-1E84-4702-984E-3A125D019BC1}.Release|Win32.ActiveCfg = Release|Win32
		{AC4C0EBC-1E84-4702-984E-3A125D019BC1}.Release|Win32.Build.0 = Release|Win32
		{F67B16CC-0949-48E9-B3F0-756623079D3F}.Debug|Win32.ActiveCfg = Debug|Win32
		{F67B16CC-0949-48E9-B3F0-756623079D3F}.Debug|Win32.Build.0 = Debug|Win32
		{F67B16CC-0949-48E9-B3F0-756623079D3F}.Release|Win32.ActiveCfg = Release|Win32
		{F67B16CC-0949-48E9-B3F0-756623079D3F}.Release|Win32.Build.0 = Release|Win32
		{9BA588CA-5A29-4AB2-92E0-94655BC29171}.Debug|Win32.ActiveCfg = Debug|Win32
		{9BA588CA-5A29-4AB2-92E0-94655BC29171}.Debug|Win32.Build.0 = Debug|Win32
		{9BA588CA-5A29-4AB2-92E0-94655BC29171}.Release|Win32.ActiveCfg = Release|Win32
		{9BA588CA-5A29-4AB2-92E0-94655BC29171}.Release|Win32.Build.0 = Release|Win32
	EndGlobalSection
	GlobalSection(SolutionProperties) = preSolution
		HideSolutionNode = FALSE
	EndGlobalSection
EndGlobal
